<?xml version="1.0" encoding="utf-8"?>
<Project ToolsVersion="4.0" xmlns="http://schemas.microsoft.com/developer/msbuild/2003">
  <ItemGroup>
    <Filter Include="Source Files">
      <UniqueIdentifier>{4FC737F1-C7A5-4376-A066-2A32D752A2FF}</UniqueIdentifier>
      <Extensions>cpp;c;cc;cxx;def;odl;idl;hpj;bat;asm;asmx</Extensions>
    </Filter>
    <Filter Include="Header Files">
      <UniqueIdentifier>{93995380-89BD-4b04-88EB-625FBE52EBFB}</UniqueIdentifier>
      <Extensions>h;hh;hpp;hxx;hm;inl;inc;xsd</Extensions>
    </Filter>
    <Filter Include="Resource Files">
      <UniqueIdentifier>{67DA6AB6-F800-4c08-8B7A-83BB121AAD01}</UniqueIdentifier>
      <Extensions>rc;ico;cur;bmp;dlg;rc2;rct;bin;rgs;gif;jpg;jpeg;jpe;resx;tiff;tif;png;wav</Extensions>
    </Filter>
  </ItemGroup>
  <ItemGroup>
    <ClCompile Include="diff2.cpp">
      <Filter>Source Files</Filter>
    </ClCompile>
    <ClCompile Include="ecglaux.cpp">
      <Filter>Source Files</Filter>
    </ClCompile>
    <ClCompile Include="ecgLms.cpp">
      <Filter>Source Files</Filter>
    </ClCompile>
    <ClCompile Include="FilterUtils.cpp">
      <Filter>Source Files</Filter>
    </ClCompile>
    <ClCompile Include="FindWaveBounds_EKGandPPG.cpp">
      <Filter>Source Files</Filter>
    </ClCompile>
    <ClCompile Include="JoinedRR.cpp">
      <Filter>Source Files</Filter>
    </ClCompile>
    <ClCompile Include="main.cpp">
      <Filter>Source Files</Filter>
    </ClCompile>
    <ClCompile Include="nanfastsmooth.cpp">
      <Filter>Source Files</Filter>
    </ClCompile>
    <ClCompile Include="pairRtoPPGBeat.cpp">
      <Filter>Source Files</Filter>
    </ClCompile>
    <ClCompile Include="pan_tompkin.cpp">
      <Filter>Source Files</Filter>
    </ClCompile>
    <ClCompile Include="PeakFinder.cpp">
      <Filter>Source Files</Filter>
    </ClCompile>
    <ClCompile Include="readProps.cpp">
      <Filter>Source Files</Filter>
    </ClCompile>
    <ClCompile Include="rpeakdetect.cpp">
      <Filter>Source Files</Filter>
    </ClCompile>
    <ClCompile Include="RRsimpleSquared.cpp">
      <Filter>Source Files</Filter>
    </ClCompile>
    <ClCompile Include="SegmentPPG.cpp">
      <Filter>Source Files</Filter>
    </ClCompile>
    <ClCompile Include="StatsUtils.cpp">
      <Filter>Source Files</Filter>
    </ClCompile>
    <ClCompile Include="stdoutlier.cpp">
      <Filter>Source Files</Filter>
    </ClCompile>
  </ItemGroup>
  <ItemGroup>
    <ClInclude Include="diff2.h">
      <Filter>Header Files</Filter>
    </ClInclude>
    <ClInclude Include="ecglaux.h">
      <Filter>Header Files</Filter>
    </ClInclude>
    <ClInclude Include="ecgLms.h">
      <Filter>Header Files</Filter>
    </ClInclude>
    <ClInclude Include="FilterUtils.h">
      <Filter>Header Files</Filter>
    </ClInclude>
    <ClInclude Include="FindWaveBounds.h">
      <Filter>Header Files</Filter>
    </ClInclude>
    <ClInclude Include="FindWaveBounds_EKGandPPG.h">
      <Filter>Header Files</Filter>
    </ClInclude>
    <ClInclude Include="JoinedRR.h">
      <Filter>Header Files</Filter>
    </ClInclude>
    <ClInclude Include="nanfastsmooth.h">
      <Filter>Header Files</Filter>
    </ClInclude>
    <ClInclude Include="pairRtoPPGBeat.h">
      <Filter>Header Files</Filter>
    </ClInclude>
    <ClInclude Include="pan_tompkin.h">
      <Filter>Header Files</Filter>
    </ClInclude>
    <ClInclude Include="PeakFinder.h">
      <Filter>Header Files</Filter>
    </ClInclude>
    <ClInclude Include="readProps.h">
      <Filter>Header Files</Filter>
    </ClInclude>
    <ClInclude Include="rpeakdetect.h">
      <Filter>Header Files</Filter>
    </ClInclude>
    <ClInclude Include="RRSimpleSquared.h">
      <Filter>Header Files</Filter>
    </ClInclude>
    <ClInclude Include="RunLength.h">
      <Filter>Header Files</Filter>
    </ClInclude>
    <ClInclude Include="SegmentPPG.h">
      <Filter>Header Files</Filter>
    </ClInclude>
    <ClInclude Include="SignalProcessingTypes.h">
      <Filter>Header Files</Filter>
    </ClInclude>
    <ClInclude Include="StatsUtils.h">
      <Filter>Header Files</Filter>
    </ClInclude>
    <ClInclude Include="stdoutlier.h">
      <Filter>Header Files</Filter>
    </ClInclude>
  </ItemGroup>
</Project>