<?xml version="1.0" encoding="utf-8"?>
<Project ToolsVersion="4.0" xmlns="http://schemas.microsoft.com/developer/msbuild/2003">
  <ItemGroup>
    <Filter Include="Source Files">
      <UniqueIdentifier>{4FC737F1-C7A5-4376-A066-2A32D752A2FF}</UniqueIdentifier>
      <Extensions>qml;cpp;c;cc;cxx;def;odl;idl;hpj;bat;asm;asmx</Extensions>
    </Filter>
    <Filter Include="Header Files">
      <UniqueIdentifier>{93995380-89BD-4b04-88EB-625FBE52EBFB}</UniqueIdentifier>
      <Extensions>h;hh;hpp;hxx;hm;inl;inc;xsd</Extensions>
    </Filter>
    <Filter Include="Resource Files">
      <UniqueIdentifier>{67DA6AB6-F800-4c08-8B7A-83BB121AAD01}</UniqueIdentifier>
      <Extensions>qrc;rc;ico;cur;bmp;dlg;rc2;rct;bin;rgs;gif;jpg;jpeg;jpe;resx;tiff;tif;png;wav;mfcribbon-ms</Extensions>
    </Filter>
    <Filter Include="Form Files">
      <UniqueIdentifier>{99349809-55BA-4b9d-BF79-8FDBB0286EB3}</UniqueIdentifier>
      <Extensions>ui</Extensions>
    </Filter>
    <Filter Include="Translation Files">
      <UniqueIdentifier>{639EADAA-A684-42e4-A9AD-28FC9BCB8F7C}</UniqueIdentifier>
      <Extensions>ts</Extensions>
    </Filter>
  </ItemGroup>
  <ItemGroup>
    <None Include="noise_marking_guiplugin.json">
      <Filter>Resource Files</Filter>
    </None>
  </ItemGroup>
  <ItemGroup>
    <QtUic Include="noise_marking_gui.ui">
      <Filter>Form Files</Filter>
    </QtUic>
  </ItemGroup>
  <ItemGroup>
    <ClCompile Include="config_loader.cpp">
      <Filter>Source Files</Filter>
    </ClCompile>
    <ClCompile Include="noise_marking_gui.cpp">
      <Filter>Source Files</Filter>
    </ClCompile>
    <ClCompile Include="annealing_to_bin\anneal_handler.cpp">
      <Filter>Source Files</Filter>
    </ClCompile>
    <ClCompile Include="template_generation\template_io.cpp">
      <Filter>Source Files</Filter>
    </ClCompile>
    <ClCompile Include="user_control_handler.cpp">
      <Filter>Source Files</Filter>
    </ClCompile>
    <ClCompile Include="post_process_queue.cpp">
      <Filter>Source Files</Filter>
    </ClCompile>
    <ClCompile Include="user_annotation_handler.cpp">
      <Filter>Source Files</Filter>
    </ClCompile>
    <ClCompile Include="gui_handler.cpp">
      <Filter>Source Files</Filter>
    </ClCompile>
    <ClCompile Include="gap_indicator.cpp">
      <Filter>Source Files</Filter>
    </ClCompile>
    <ClCompile Include="grid_overlay.cpp">
      <Filter>Source Files</Filter>
    </ClCompile>
    <ClCompile Include="theme\theme.cpp">
      <Filter>Source Files</Filter>
    </ClCompile>
    <ClCompile Include="user_marking_handler.cpp">
      <Filter>Source Files</Filter>
    </ClCompile>
    <ClCompile Include="signal_renderer.cpp">
      <Filter>Source Files</Filter>
    </ClCompile>
    <ClCompile Include="bin_chunk_loader.cpp">
      <Filter>Source Files</Filter>
    </ClCompile>
  </ItemGroup>
  <ItemGroup>
    <QtMoc Include="user_control_handler.h">
      <Filter>Header Files</Filter>
    </QtMoc>
    <QtMoc Include="grid_overlay.hpp">
      <Filter>Header Files</Filter>
    </QtMoc>
    <QtMoc Include="annealing_to_bin\anneal_handler.hpp">
      <Filter>Header Files</Filter>
    </QtMoc>
    <QtMoc Include="template_generation\build_templates.hpp">
      <Filter>Header Files</Filter>
    </QtMoc>
    <QtMoc Include="config_entry.hpp">
      <Filter>Header Files</Filter>
    </QtMoc>
    <QtMoc Include="template_generation\CreateEcgTemplates.hpp">
      <Filter>Header Files</Filter>
    </QtMoc>
    <QtMoc Include="template_generation\CreatePPGTemplates.hpp">
      <Filter>Header Files</Filter>
    </QtMoc>
    <QtMoc Include="template_generation\EnsembleTemplate.hpp">
      <Filter>Header Files</Filter>
    </QtMoc>
    <QtMoc Include="gap_indicator.hpp">
      <Filter>Header Files</Filter>
    </QtMoc>
    <QtMoc Include="template_generation\GenerateTemplates.hpp">
      <Filter>Header Files</Filter>
    </QtMoc>
    <QtMoc Include="gui_handler.h">
      <Filter>Header Files</Filter>
    </QtMoc>
    <QtMoc Include="post_process_queue.hpp">
      <Filter>Header Files</Filter>
    </QtMoc>
    <QtMoc Include="template_generation\template_io.hpp">
      <Filter>Header Files</Filter>
    </QtMoc>
    <QtMoc Include="template_generation\TemplateTypes.hpp">
      <Filter>Header Files</Filter>
    </QtMoc>
    <QtMoc Include="user_annotation_handler.h">
      <Filter>Header Files</Filter>
    </QtMoc>
  </ItemGroup>
  <ItemGroup>
    <ResourceCompile Include="app.rc">
      <Filter>Resource Files</Filter>
    </ResourceCompile>
  </ItemGroup>
  <ItemGroup>
    <Image Include="noisemark_pic.ico">
      <Filter>Resource Files</Filter>
    </Image>
  </ItemGroup>
  <ItemGroup>
    <ClInclude Include="template_generation\StatsUtils.h">
      <Filter>Header Files</Filter>
    </ClInclude>
    <ClInclude Include="annealing_to_bin\AnnealSegments.hpp">
      <Filter>Header Files</Filter>
    </ClInclude>
    <ClInclude Include="theme\theme.h">
      <Filter>Header Files</Filter>
    </ClInclude>
    <ClInclude Include="template_generation\CombineTemplatesGraph.hpp">
      <Filter>Header Files</Filter>
    </ClInclude>
    <ClInclude Include="template_generation\AlignWaves.hpp">
      <Filter>Header Files</Filter>
    </ClInclude>
    <ClInclude Include="template_generation\find_foot_pulseox.hpp">
      <Filter>Header Files</Filter>
    </ClInclude>
  </ItemGroup>
  <ItemGroup>
    <QtRcc Include="resources.qrc">
      <Filter>Resource Files</Filter>
    </QtRcc>
  </ItemGroup>
</Project>